
Microsoft Visual Studio Solution File, Format Version 12.00
# Visual Studio 15
VisualStudioVersion = 15.0.27130.2010
MinimumVisualStudioVersion = 10.0.40219.1
Project("{8BC9CEB8-8B4A-11D0-8D11-00A0C91BC942}") = "steam_overlay", "steam_overlay\steam_overlay.vcxproj", "{43D02FDC-09E8-45EE-9908-10AB1D54FD2C}"
EndProject
Global
	GlobalSection(SolutionConfigurationPlatforms) = preSolution
		Release|x64 = Release|x64
		Release|x86 = Release|x86
	EndGlobalSection
	GlobalSection(ProjectConfigurationPlatforms) = postSolution
		{43D02FDC-09E8-45EE-9908-10AB1D54FD2C}.Release|x64.ActiveCfg = Release|x64
		{43D02FDC-09E8-45EE-9908-10AB1D54FD2C}.Release|x64.Build.0 = Release|x64
		{43D02FDC-09E8-45EE-9908-10AB1D54FD2C}.Release|x86.ActiveCfg = Release|Win32
		{43D02FDC-09E8-45EE-9908-10AB1D54FD2C}.Release|x86.Build.0 = Release|Win32
	EndGlobalSection
	GlobalSection(SolutionProperties) = preSolution
		HideSolutionNode = FALSE
	EndGlobalSection
	GlobalSection(ExtensibilityGlobals) = postSolution
		SolutionGuid = {8B014A64-FCC6-4F02-9E7A-35C37C64D3FD}
	EndGlobalSection
EndGlobal
